// !$*UTF8*$!
{
	archiveVersion = 1;
	classes = {
	};
	objectVersion = 50;
	objects = {

/* Begin PBXBuildFile section */
		93E7780721C2CD1300A2F48B /* Message.swift in Sources */ = {isa = PBXBuildFile; fileRef = 93E7780621C2CD1300A2F48B /* Message.swift */; };
		B1908C5421C2A74C00B2AFD7 /* AppDelegate.swift in Sources */ = {isa = PBXBuildFile; fileRef = B1908C5321C2A74C00B2AFD7 /* AppDelegate.swift */; };
		B1908C5621C2A74C00B2AFD7 /* ViewController.swift in Sources */ = {isa = PBXBuildFile; fileRef = B1908C5521C2A74C00B2AFD7 /* ViewController.swift */; };
		B1908C5921C2A74C00B2AFD7 /* Main.storyboard in Resources */ = {isa = PBXBuildFile; fileRef = B1908C5721C2A74C00B2AFD7 /* Main.storyboard */; };
		B1908C5B21C2A74D00B2AFD7 /* Assets.xcassets in Resources */ = {isa = PBXBuildFile; fileRef = B1908C5A21C2A74D00B2AFD7 /* Assets.xcassets */; };
		B1908C5E21C2A74D00B2AFD7 /* LaunchScreen.storyboard in Resources */ = {isa = PBXBuildFile; fileRef = B1908C5C21C2A74D00B2AFD7 /* LaunchScreen.storyboard */; };
		B1908C6921C2A74D00B2AFD7 /* MPCTestTests.swift in Sources */ = {isa = PBXBuildFile; fileRef = B1908C6821C2A74D00B2AFD7 /* MPCTestTests.swift */; };
		B1908C7421C2A89100B2AFD7 /* MPCManager.swift in Sources */ = {isa = PBXBuildFile; fileRef = B1908C7321C2A89100B2AFD7 /* MPCManager.swift */; };
		B1908C7621C2AC9400B2AFD7 /* Device.swift in Sources */ = {isa = PBXBuildFile; fileRef = B1908C7521C2AC9400B2AFD7 /* Device.swift */; };
/* End PBXBuildFile section */

/* Begin PBXContainerItemProxy section */
		B1908C6521C2A74D00B2AFD7 /* PBXContainerItemProxy */ = {
			isa = PBXContainerItemProxy;
			containerPortal = B1908C4821C2A74C00B2AFD7 /* Project object */;
			proxyType = 1;
			remoteGlobalIDString = B1908C4F21C2A74C00B2AFD7;
			remoteInfo = MPCTest;
		};
/* End PBXContainerItemProxy section */

/* Begin PBXFileReference section */
		93E7780621C2CD1300A2F48B /* Message.swift */ = {isa = PBXFileReference; lastKnownFileType = sourcecode.swift; path = Message.swift; sourceTree = "<group>"; };
		B1908C5021C2A74C00B2AFD7 /* MPCTest.app */ = {isa = PBXFileReference; explicitFileType = wrapper.application; includeInIndex = 0; path = MPCTest.app; sourceTree = BUILT_PRODUCTS_DIR; };
		B1908C5321C2A74C00B2AFD7 /* AppDelegate.swift */ = {isa = PBXFileReference; lastKnownFileType = sourcecode.swift; path = AppDelegate.swift; sourceTree = "<group>"; };
		B1908C5521C2A74C00B2AFD7 /* ViewController.swift */ = {isa = PBXFileReference; lastKnownFileType = sourcecode.swift; path = ViewController.swift; sourceTree = "<group>"; };
		B1908C5821C2A74C00B2AFD7 /* Base */ = {isa = PBXFileReference; lastKnownFileType = file.storyboard; name = Base; path = Base.lproj/Main.storyboard; sourceTree = "<group>"; };
		B1908C5A21C2A74D00B2AFD7 /* Assets.xcassets */ = {isa = PBXFileReference; lastKnownFileType = folder.assetcatalog; path = Assets.xcassets; sourceTree = "<group>"; };
		B1908C5D21C2A74D00B2AFD7 /* Base */ = {isa = PBXFileReference; lastKnownFileType = file.storyboard; name = Base; path = Base.lproj/LaunchScreen.storyboard; sourceTree = "<group>"; };
		B1908C5F21C2A74D00B2AFD7 /* Info.plist */ = {isa = PBXFileReference; lastKnownFileType = text.plist.xml; path = Info.plist; sourceTree = "<group>"; };
		B1908C6421C2A74D00B2AFD7 /* MPCTestTests.xctest */ = {isa = PBXFileReference; explicitFileType = wrapper.cfbundle; includeInIndex = 0; path = MPCTestTests.xctest; sourceTree = BUILT_PRODUCTS_DIR; };
		B1908C6821C2A74D00B2AFD7 /* MPCTestTests.swift */ = {isa = PBXFileReference; lastKnownFileType = sourcecode.swift; path = MPCTestTests.swift; sourceTree = "<group>"; };
		B1908C6A21C2A74D00B2AFD7 /* Info.plist */ = {isa = PBXFileReference; lastKnownFileType = text.plist.xml; path = Info.plist; sourceTree = "<group>"; };
		B1908C7321C2A89100B2AFD7 /* MPCManager.swift */ = {isa = PBXFileReference; lastKnownFileType = sourcecode.swift; path = MPCManager.swift; sourceTree = "<group>"; };
		B1908C7521C2AC9400B2AFD7 /* Device.swift */ = {isa = PBXFileReference; lastKnownFileType = sourcecode.swift; path = Device.swift; sourceTree = "<group>"; };
/* End PBXFileReference section */

/* Begin PBXFrameworksBuildPhase section */
		B1908C4D21C2A74C00B2AFD7 /* Frameworks */ = {
			isa = PBXFrameworksBuildPhase;
			buildActionMask = 2147483647;
			files = (
			);
			runOnlyForDeploymentPostprocessing = 0;
		};
		B1908C6121C2A74D00B2AFD7 /* Frameworks */ = {
			isa = PBXFrameworksBuildPhase;
			buildActionMask = 2147483647;
			files = (
			);
			runOnlyForDeploymentPostprocessing = 0;
		};
/* End PBXFrameworksBuildPhase section */

/* Begin PBXGroup section */
		B1908C4721C2A74C00B2AFD7 = {
			isa = PBXGroup;
			children = (
				B1908C5221C2A74C00B2AFD7 /* MPCTest */,
				B1908C6721C2A74D00B2AFD7 /* MPCTestTests */,
				B1908C5121C2A74C00B2AFD7 /* Products */,
			);
			sourceTree = "<group>";
		};
		B1908C5121C2A74C00B2AFD7 /* Products */ = {
			isa = PBXGroup;
			children = (
				B1908C5021C2A74C00B2AFD7 /* MPCTest.app */,
				B1908C6421C2A74D00B2AFD7 /* MPCTestTests.xctest */,
			);
			name = Products;
			sourceTree = "<group>";
		};
		B1908C5221C2A74C00B2AFD7 /* MPCTest */ = {
			isa = PBXGroup;
			children = (
				B1908C5321C2A74C00B2AFD7 /* AppDelegate.swift */,
				B1908C5521C2A74C00B2AFD7 /* ViewController.swift */,
				B1908C5721C2A74C00B2AFD7 /* Main.storyboard */,
				B1908C5A21C2A74D00B2AFD7 /* Assets.xcassets */,
				B1908C5C21C2A74D00B2AFD7 /* LaunchScreen.storyboard */,
				B1908C5F21C2A74D00B2AFD7 /* Info.plist */,
				B1908C7321C2A89100B2AFD7 /* MPCManager.swift */,
				B1908C7521C2AC9400B2AFD7 /* Device.swift */,
				93E7780621C2CD1300A2F48B /* Message.swift */,
			);
			path = MPCTest;
			sourceTree = "<group>";
		};
		B1908C6721C2A74D00B2AFD7 /* MPCTestTests */ = {
			isa = PBXGroup;
			children = (
				B1908C6821C2A74D00B2AFD7 /* MPCTestTests.swift */,
				B1908C6A21C2A74D00B2AFD7 /* Info.plist */,
			);
			path = MPCTestTests;
			sourceTree = "<group>";
		};
/* End PBXGroup section */

/* Begin PBXNativeTarget section */
		B1908C4F21C2A74C00B2AFD7 /* MPCTest */ = {
			isa = PBXNativeTarget;
			buildConfigurationList = B1908C6D21C2A74D00B2AFD7 /* Build configuration list for PBXNativeTarget "MPCTest" */;
			buildPhases = (
				B1908C4C21C2A74C00B2AFD7 /* Sources */,
				B1908C4D21C2A74C00B2AFD7 /* Frameworks */,
				B1908C4E21C2A74C00B2AFD7 /* Resources */,
			);
			buildRules = (
			);
			dependencies = (
			);
			name = MPCTest;
			productName = MPCTest;
			productReference = B1908C5021C2A74C00B2AFD7 /* MPCTest.app */;
			productType = "com.apple.product-type.application";
		};
		B1908C6321C2A74D00B2AFD7 /* MPCTestTests */ = {
			isa = PBXNativeTarget;
			buildConfigurationList = B1908C7021C2A74D00B2AFD7 /* Build configuration list for PBXNativeTarget "MPCTestTests" */;
			buildPhases = (
				B1908C6021C2A74D00B2AFD7 /* Sources */,
				B1908C6121C2A74D00B2AFD7 /* Frameworks */,
				B1908C6221C2A74D00B2AFD7 /* Resources */,
			);
			buildRules = (
			);
			dependencies = (
				B1908C6621C2A74D00B2AFD7 /* PBXTargetDependency */,
			);
			name = MPCTestTests;
			productName = MPCTestTests;
			productReference = B1908C6421C2A74D00B2AFD7 /* MPCTestTests.xctest */;
			productType = "com.apple.product-type.bundle.unit-test";
		};
/* End PBXNativeTarget section */

/* Begin PBXProject section */
		B1908C4821C2A74C00B2AFD7 /* Project object */ = {
			isa = PBXProject;
			attributes = {
				LastSwiftUpdateCheck = 0940;
				LastUpgradeCheck = 0940;
				ORGANIZATIONNAME = "Irina Baldwin";
				TargetAttributes = {
					B1908C4F21C2A74C00B2AFD7 = {
						CreatedOnToolsVersion = 9.4.1;
					};
					B1908C6321C2A74D00B2AFD7 = {
						CreatedOnToolsVersion = 9.4.1;
						TestTargetID = B1908C4F21C2A74C00B2AFD7;
					};
				};
			};
			buildConfigurationList = B1908C4B21C2A74C00B2AFD7 /* Build configuration list for PBXProject "MPCTest" */;
			compatibilityVersion = "Xcode 9.3";
			developmentRegion = en;
			hasScannedForEncodings = 0;
			knownRegions = (
				en,
				Base,
			);
			mainGroup = B1908C4721C2A74C00B2AFD7;
			productRefGroup = B1908C5121C2A74C00B2AFD7 /* Products */;
			projectDirPath = "";
			projectRoot = "";
			targets = (
				B1908C4F21C2A74C00B2AFD7 /* MPCTest */,
				B1908C6321C2A74D00B2AFD7 /* MPCTestTests */,
			);
		};
/* End PBXProject section */

/* Begin PBXResourcesBuildPhase section */
		B1908C4E21C2A74C00B2AFD7 /* Resources */ = {
			isa = PBXResourcesBuildPhase;
			buildActionMask = 2147483647;
			files = (
				B1908C5E21C2A74D00B2AFD7 /* LaunchScreen.storyboard in Resources */,
				B1908C5B21C2A74D00B2AFD7 /* Assets.xcassets in Resources */,
				B1908C5921C2A74C00B2AFD7 /* Main.storyboard in Resources */,
			);
			runOnlyForDeploymentPostprocessing = 0;
		};
		B1908C6221C2A74D00B2AFD7 /* Resources */ = {
			isa = PBXResourcesBuildPhase;
			buildActionMask = 2147483647;
			files = (
			);
			runOnlyForDeploymentPostprocessing = 0;
		};
/* End PBXResourcesBuildPhase section */

/* Begin PBXSourcesBuildPhase section */
		B1908C4C21C2A74C00B2AFD7 /* Sources */ = {
			isa = PBXSourcesBuildPhase;
			buildActionMask = 2147483647;
			files = (
				B1908C5621C2A74C00B2AFD7 /* ViewController.swift in Sources */,
				B1908C5421C2A74C00B2AFD7 /* AppDelegate.swift in Sources */,
				93E7780721C2CD1300A2F48B /* Message.swift in Sources */,
				B1908C7421C2A89100B2AFD7 /* MPCManager.swift in Sources */,
				B1908C7621C2AC9400B2AFD7 /* Device.swift in Sources */,
			);
			runOnlyForDeploymentPostprocessing = 0;
		};
		B1908C6021C2A74D00B2AFD7 /* Sources */ = {
			isa = PBXSourcesBuildPhase;
			buildActionMask = 2147483647;
			files = (
				B1908C6921C2A74D00B2AFD7 /* MPCTestTests.swift in Sources */,
			);
			runOnlyForDeploymentPostprocessing = 0;
		};
/* End PBXSourcesBuildPhase section */

/* Begin PBXTargetDependency section */
		B1908C6621C2A74D00B2AFD7 /* PBXTargetDependency */ = {
			isa = PBXTargetDependency;
			target = B1908C4F21C2A74C00B2AFD7 /* MPCTest */;
			targetProxy = B1908C6521C2A74D00B2AFD7 /* PBXContainerItemProxy */;
		};
/* End PBXTargetDependency section */

/* Begin PBXVariantGroup section */
		B1908C5721C2A74C00B2AFD7 /* Main.storyboard */ = {
			isa = PBXVariantGroup;
			children = (
				B1908C5821C2A74C00B2AFD7 /* Base */,
			);
			name = Main.storyboard;
			sourceTree = "<group>";
		};
		B1908C5C21C2A74D00B2AFD7 /* LaunchScreen.storyboard */ = {
			isa = PBXVariantGroup;
			children = (
				B1908C5D21C2A74D00B2AFD7 /* Base */,
			);
			name = LaunchScreen.storyboard;
			sourceTree = "<group>";
		};
/* End PBXVariantGroup section */

/* Begin XCBuildConfiguration section */
		B1908C6B21C2A74D00B2AFD7 /* Debug */ = {
			isa = XCBuildConfiguration;
			buildSettings = {
				ALWAYS_SEARCH_USER_PATHS = NO;
				CLANG_ANALYZER_NONNULL = YES;
				CLANG_ANALYZER_NUMBER_OBJECT_CONVERSION = YES_AGGRESSIVE;
				CLANG_CXX_LANGUAGE_STANDARD = "gnu++14";
				CLANG_CXX_LIBRARY = "libc++";
				CLANG_ENABLE_MODULES = YES;
				CLANG_ENABLE_OBJC_ARC = YES;
				CLANG_ENABLE_OBJC_WEAK = YES;
				CLANG_WARN_BLOCK_CAPTURE_AUTORELEASING = YES;
				CLANG_WARN_BOOL_CONVERSION = YES;
				CLANG_WARN_COMMA = YES;
				CLANG_WARN_CONSTANT_CONVERSION = YES;
				CLANG_WARN_DEPRECATED_OBJC_IMPLEMENTATIONS = YES;
				CLANG_WARN_DIRECT_OBJC_ISA_USAGE = YES_ERROR;
				CLANG_WARN_DOCUMENTATION_COMMENTS = YES;
				CLANG_WARN_EMPTY_BODY = YES;
				CLANG_WARN_ENUM_CONVERSION = YES;
				CLANG_WARN_INFINITE_RECURSION = YES;
				CLANG_WARN_INT_CONVERSION = YES;
				CLANG_WARN_NON_LITERAL_NULL_CONVERSION = YES;
				CLANG_WARN_OBJC_IMPLICIT_RETAIN_SELF = YES;
				CLANG_WARN_OBJC_LITERAL_CONVERSION = YES;
				CLANG_WARN_OBJC_ROOT_CLASS = YES_ERROR;
				CLANG_WARN_RANGE_LOOP_ANALYSIS = YES;
				CLANG_WARN_STRICT_PROTOTYPES = YES;
				CLANG_WARN_SUSPICIOUS_MOVE = YES;
				CLANG_WARN_UNGUARDED_AVAILABILITY = YES_AGGRESSIVE;
				CLANG_WARN_UNREACHABLE_CODE = YES;
				CLANG_WARN__DUPLICATE_METHOD_MATCH = YES;
				CODE_SIGN_IDENTITY = "iPhone Developer";
				COPY_PHASE_STRIP = NO;
				DEBUG_INFORMATION_FORMAT = dwarf;
				ENABLE_STRICT_OBJC_MSGSEND = YES;
				ENABLE_TESTABILITY = YES;
				GCC_C_LANGUAGE_STANDARD = gnu11;
				GCC_DYNAMIC_NO_PIC = NO;
				GCC_NO_COMMON_BLOCKS = YES;
				GCC_OPTIMIZATION_LEVEL = 0;
				GCC_PREPROCESSOR_DEFINITIONS = (
					"DEBUG=1",
					"$(inherited)",
				);
				GCC_WARN_64_TO_32_BIT_CONVERSION = YES;
				GCC_WARN_ABOUT_RETURN_TYPE = YES_ERROR;
				GCC_WARN_UNDECLARED_SELECTOR = YES;
				GCC_WARN_UNINITIALIZED_AUTOS = YES_AGGRESSIVE;
				GCC_WARN_UNUSED_FUNCTION = YES;
				GCC_WARN_UNUSED_VARIABLE = YES;
				IPHONEOS_DEPLOYMENT_TARGET = 11.4;
				MTL_ENABLE_DEBUG_INFO = YES;
				ONLY_ACTIVE_ARCH = YES;
				SDKROOT = iphoneos;
				SWIFT_ACTIVE_COMPILATION_CONDITIONS = DEBUG;
				SWIFT_OPTIMIZATION_LEVEL = "-Onone";
			};
			name = Debug;
		};
		B1908C6C21C2A74D00B2AFD7 /* Release */ = {
			isa = XCBuildConfiguration;
			buildSettings = {
				ALWAYS_SEARCH_USER_PATHS = NO;
				CLANG_ANALYZER_NONNULL = YES;
				CLANG_ANALYZER_NUMBER_OBJECT_CONVERSION = YES_AGGRESSIVE;
				CLANG_CXX_LANGUAGE_STANDARD = "gnu++14";
				CLANG_CXX_LIBRARY = "libc++";
				CLANG_ENABLE_MODULES = YES;
				CLANG_ENABLE_OBJC_ARC = YES;
				CLANG_ENABLE_OBJC_WEAK = YES;
				CLANG_WARN_BLOCK_CAPTURE_AUTORELEASING = YES;
				CLANG_WARN_BOOL_CONVERSION = YES;
				CLANG_WARN_COMMA = YES;
				CLANG_WARN_CONSTANT_CONVERSION = YES;
				CLANG_WARN_DEPRECATED_OBJC_IMPLEMENTATIONS = YES;
				CLANG_WARN_DIRECT_OBJC_ISA_USAGE = YES_ERROR;
				CLANG_WARN_DOCUMENTATION_COMMENTS = YES;
				CLANG_WARN_EMPTY_BODY = YES;
				CLANG_WARN_ENUM_CONVERSION = YES;
				CLANG_WARN_INFINITE_RECURSION = YES;
				CLANG_WARN_INT_CONVERSION = YES;
				CLANG_WARN_NON_LITERAL_NULL_CONVERSION = YES;
				CLANG_WARN_OBJC_IMPLICIT_RETAIN_SELF = YES;
				CLANG_WARN_OBJC_LITERAL_CONVERSION = YES;
				CLANG_WARN_OBJC_ROOT_CLASS = YES_ERROR;
				CLANG_WARN_RANGE_LOOP_ANALYSIS = YES;
				CLANG_WARN_STRICT_PROTOTYPES = YES;
				CLANG_WARN_SUSPICIOUS_MOVE = YES;
				CLANG_WARN_UNGUARDED_AVAILABILITY = YES_AGGRESSIVE;
				CLANG_WARN_UNREACHABLE_CODE = YES;
				CLANG_WARN__DUPLICATE_METHOD_MATCH = YES;
				CODE_SIGN_IDENTITY = "iPhone Developer";
				COPY_PHASE_STRIP = NO;
				DEBUG_INFORMATION_FORMAT = "dwarf-with-dsym";
				ENABLE_NS_ASSERTIONS = NO;
				ENABLE_STRICT_OBJC_MSGSEND = YES;
				GCC_C_LANGUAGE_STANDARD = gnu11;
				GCC_NO_COMMON_BLOCKS = YES;
				GCC_WARN_64_TO_32_BIT_CONVERSION = YES;
				GCC_WARN_ABOUT_RETURN_TYPE = YES_ERROR;
				GCC_WARN_UNDECLARED_SELECTOR = YES;
				GCC_WARN_UNINITIALIZED_AUTOS = YES_AGGRESSIVE;
				GCC_WARN_UNUSED_FUNCTION = YES;
				GCC_WARN_UNUSED_VARIABLE = YES;
				IPHONEOS_DEPLOYMENT_TARGET = 11.4;
				MTL_ENABLE_DEBUG_INFO = NO;
				SDKROOT = iphoneos;
				SWIFT_COMPILATION_MODE = wholemodule;
				SWIFT_OPTIMIZATION_LEVEL = "-O";
				VALIDATE_PRODUCT = YES;
			};
			name = Release;
		};
		B1908C6E21C2A74D00B2AFD7 /* Debug */ = {
			isa = XCBuildConfiguration;
			buildSettings = {
				ASSETCATALOG_COMPILER_APPICON_NAME = AppIcon;
				CODE_SIGN_STYLE = Automatic;
				DEVELOPMENT_TEAM = Q83P95D43Q;
				INFOPLIST_FILE = MPCTest/Info.plist;
				LD_RUNPATH_SEARCH_PATHS = (
					"$(inherited)",
					"@executable_path/Frameworks",
				);
				PRODUCT_BUNDLE_IDENTIFIER = com.chriscooksley.MPCTest;
				PRODUCT_NAME = "$(TARGET_NAME)";
				SWIFT_VERSION = 4.0;
				TARGETED_DEVICE_FAMILY = "1,2";
			};
			name = Debug;
		};
		B1908C6F21C2A74D00B2AFD7 /* Release */ = {
			isa = XCBuildConfiguration;
			buildSettings = {
				ASSETCATALOG_COMPILER_APPICON_NAME = AppIcon;
				CODE_SIGN_STYLE = Automatic;
				DEVELOPMENT_TEAM = Q83P95D43Q;
				INFOPLIST_FILE = MPCTest/Info.plist;
				LD_RUNPATH_SEARCH_PATHS = (
					"$(inherited)",
					"@executable_path/Frameworks",
				);
				PRODUCT_BUNDLE_IDENTIFIER = com.chriscooksley.MPCTest;
				PRODUCT_NAME = "$(TARGET_NAME)";
				SWIFT_VERSION = 4.0;
				TARGETED_DEVICE_FAMILY = "1,2";
			};
			name = Release;
		};
		B1908C7121C2A74D00B2AFD7 /* Debug */ = {
			isa = XCBuildConfiguration;
			buildSettings = {
				ALWAYS_EMBED_SWIFT_STANDARD_LIBRARIES = YES;
				BUNDLE_LOADER = "$(TEST_HOST)";
				CODE_SIGN_STYLE = Automatic;
				INFOPLIST_FILE = MPCTestTests/Info.plist;
				LD_RUNPATH_SEARCH_PATHS = (
					"$(inherited)",
					"@executable_path/Frameworks",
					"@loader_path/Frameworks",
				);
				PRODUCT_BUNDLE_IDENTIFIER = com.IrinaBaldwin.MPCTestTests;
				PRODUCT_NAME = "$(TARGET_NAME)";
				SWIFT_VERSION = 4.0;
				TARGETED_DEVICE_FAMILY = "1,2";
				TEST_HOST = "$(BUILT_PRODUCTS_DIR)/MPCTest.app/MPCTest";
			};
			name = Debug;
		};
		B1908C7221C2A74D00B2AFD7 /* Release */ = {
			isa = XCBuildConfiguration;
			buildSettings = {
				ALWAYS_EMBED_SWIFT_STANDARD_LIBRARIES = YES;
				BUNDLE_LOADER = "$(TEST_HOST)";
				CODE_SIGN_STYLE = Automatic;
				INFOPLIST_FILE = MPCTestTests/Info.plist;
				LD_RUNPATH_SEARCH_PATHS = (
					"$(inherited)",
					"@executable_path/Frameworks",
					"@loader_path/Frameworks",
				);
				PRODUCT_BUNDLE_IDENTIFIER = com.IrinaBaldwin.MPCTestTests;
				PRODUCT_NAME = "$(TARGET_NAME)";
				SWIFT_VERSION = 4.0;
				TARGETED_DEVICE_FAMILY = "1,2";
				TEST_HOST = "$(BUILT_PRODUCTS_DIR)/MPCTest.app/MPCTest";
			};
			name = Release;
		};
/* End XCBuildConfiguration section */

/* Begin XCConfigurationList section */
		B1908C4B21C2A74C00B2AFD7 /* Build configuration list for PBXProject "MPCTest" */ = {
			isa = XCConfigurationList;
			buildConfigurations = (
				B1908C6B21C2A74D00B2AFD7 /* Debug */,
				B1908C6C21C2A74D00B2AFD7 /* Release */,
			);
			defaultConfigurationIsVisible = 0;
			defaultConfigurationName = Release;
		};
		B1908C6D21C2A74D00B2AFD7 /* Build configuration list for PBXNativeTarget "MPCTest" */ = {
			isa = XCConfigurationList;
			buildConfigurations = (
				B1908C6E21C2A74D00B2AFD7 /* Debug */,
				B1908C6F21C2A74D00B2AFD7 /* Release */,
			);
			defaultConfigurationIsVisible = 0;
			defaultConfigurationName = Release;
		};
		B1908C7021C2A74D00B2AFD7 /* Build configuration list for PBXNativeTarget "MPCTestTests" */ = {
			isa = XCConfigurationList;
			buildConfigurations = (
				B1908C7121C2A74D00B2AFD7 /* Debug */,
				B1908C7221C2A74D00B2AFD7 /* Release */,
			);
			defaultConfigurationIsVisible = 0;
			defaultConfigurationName = Release;
		};
/* End XCConfigurationList section */
	};
	rootObject = B1908C4821C2A74C00B2AFD7 /* Project object */;
}
